// !$*UTF8*$!
{
	archiveVersion = 1;
	classes = {
	};
	objectVersion = 56;
	objects = {

/* Begin PBXBuildFile section */
		3BF14F4F2A1B807F006A9962 /* AppDelegate.swift in Sources */ = {isa = PBXBuildFile; fileRef = 3BF14F4E2A1B807F006A9962 /* AppDelegate.swift */; };
		3BF14F512A1B807F006A9962 /* SceneDelegate.swift in Sources */ = {isa = PBXBuildFile; fileRef = 3BF14F502A1B807F006A9962 /* SceneDelegate.swift */; };
		3BF14F532A1B807F006A9962 /* ViewController.swift in Sources */ = {isa = PBXBuildFile; fileRef = 3BF14F522A1B807F006A9962 /* ViewController.swift */; };
		3BF14F562A1B807F006A9962 /* Main.storyboard in Resources */ = {isa = PBXBuildFile; fileRef = 3BF14F542A1B807F006A9962 /* Main.storyboard */; };
		3BF14F582A1B8080006A9962 /* Assets.xcassets in Resources */ = {isa = PBXBuildFile; fileRef = 3BF14F572A1B8080006A9962 /* Assets.xcassets */; };
		3BF14F5B2A1B8080006A9962 /* LaunchScreen.storyboard in Resources */ = {isa = PBXBuildFile; fileRef = 3BF14F592A1B8080006A9962 /* LaunchScreen.storyboard */; };
/* End PBXBuildFile section */

/* Begin PBXContainerItemProxy section */
		3BF14F622A1B8080006A9962 /* PBXContainerItemProxy */ = {
			isa = PBXContainerItemProxy;
			containerPortal = 3BF14F432A1B807F006A9962 /* Project object */;
			proxyType = 1;
			remoteGlobalIDString = 3BF14F4A2A1B807F006A9962;
			remoteInfo = "maraphon#8";
		};
		3BF14F6C2A1B8080006A9962 /* PBXContainerItemProxy */ = {
			isa = PBXContainerItemProxy;
			containerPortal = 3BF14F432A1B807F006A9962 /* Project object */;
			proxyType = 1;
			remoteGlobalIDString = 3BF14F4A2A1B807F006A9962;
			remoteInfo = "maraphon#8";
		};
/* End PBXContainerItemProxy section */

/* Begin PBXFileReference section */
		3BF14F4B2A1B807F006A9962 /* maraphon#8.app */ = {isa = PBXFileReference; explicitFileType = wrapper.application; includeInIndex = 0; path = "maraphon#8.app"; sourceTree = BUILT_PRODUCTS_DIR; };
		3BF14F4E2A1B807F006A9962 /* AppDelegate.swift */ = {isa = PBXFileReference; lastKnownFileType = sourcecode.swift; path = AppDelegate.swift; sourceTree = "<group>"; };
		3BF14F502A1B807F006A9962 /* SceneDelegate.swift */ = {isa = PBXFileReference; lastKnownFileType = sourcecode.swift; path = SceneDelegate.swift; sourceTree = "<group>"; };
		3BF14F522A1B807F006A9962 /* ViewController.swift */ = {isa = PBXFileReference; lastKnownFileType = sourcecode.swift; path = ViewController.swift; sourceTree = "<group>"; };
		3BF14F552A1B807F006A9962 /* Base */ = {isa = PBXFileReference; lastKnownFileType = file.storyboard; name = Base; path = Base.lproj/Main.storyboard; sourceTree = "<group>"; };
		3BF14F572A1B8080006A9962 /* Assets.xcassets */ = {isa = PBXFileReference; lastKnownFileType = folder.assetcatalog; path = Assets.xcassets; sourceTree = "<group>"; };
		3BF14F5A2A1B8080006A9962 /* Base */ = {isa = PBXFileReference; lastKnownFileType = file.storyboard; name = Base; path = Base.lproj/LaunchScreen.storyboard; sourceTree = "<group>"; };
		3BF14F5C2A1B8080006A9962 /* Info.plist */ = {isa = PBXFileReference; lastKnownFileType = text.plist.xml; path = Info.plist; sourceTree = "<group>"; };
		3BF14F612A1B8080006A9962 /* maraphon#8Tests.xctest */ = {isa = PBXFileReference; explicitFileType = wrapper.cfbundle; includeInIndex = 0; path = "maraphon#8Tests.xctest"; sourceTree = BUILT_PRODUCTS_DIR; };
		3BF14F6B2A1B8080006A9962 /* maraphon#8UITests.xctest */ = {isa = PBXFileReference; explicitFileType = wrapper.cfbundle; includeInIndex = 0; path = "maraphon#8UITests.xctest"; sourceTree = BUILT_PRODUCTS_DIR; };
/* End PBXFileReference section */

/* Begin PBXFrameworksBuildPhase section */
		3BF14F482A1B807F006A9962 /* Frameworks */ = {
			isa = PBXFrameworksBuildPhase;
			buildActionMask = 2147483647;
			files = (
			);
			runOnlyForDeploymentPostprocessing = 0;
		};
		3BF14F5E2A1B8080006A9962 /* Frameworks */ = {
			isa = PBXFrameworksBuildPhase;
			buildActionMask = 2147483647;
			files = (
			);
			runOnlyForDeploymentPostprocessing = 0;
		};
		3BF14F682A1B8080006A9962 /* Frameworks */ = {
			isa = PBXFrameworksBuildPhase;
			buildActionMask = 2147483647;
			files = (
			);
			runOnlyForDeploymentPostprocessing = 0;
		};
/* End PBXFrameworksBuildPhase section */

/* Begin PBXGroup section */
		3BF14F422A1B807F006A9962 = {
			isa = PBXGroup;
			children = (
				3BF14F4D2A1B807F006A9962 /* maraphon#8 */,
				3BF14F4C2A1B807F006A9962 /* Products */,
			);
			sourceTree = "<group>";
		};
		3BF14F4C2A1B807F006A9962 /* Products */ = {
			isa = PBXGroup;
			children = (
				3BF14F4B2A1B807F006A9962 /* maraphon#8.app */,
				3BF14F612A1B8080006A9962 /* maraphon#8Tests.xctest */,
				3BF14F6B2A1B8080006A9962 /* maraphon#8UITests.xctest */,
			);
			name = Products;
			sourceTree = "<group>";
		};
		3BF14F4D2A1B807F006A9962 /* maraphon#8 */ = {
			isa = PBXGroup;
			children = (
				3BF14F4E2A1B807F006A9962 /* AppDelegate.swift */,
				3BF14F502A1B807F006A9962 /* SceneDelegate.swift */,
				3BF14F522A1B807F006A9962 /* ViewController.swift */,
				3BF14F542A1B807F006A9962 /* Main.storyboard */,
				3BF14F572A1B8080006A9962 /* Assets.xcassets */,
				3BF14F592A1B8080006A9962 /* LaunchScreen.storyboard */,
				3BF14F5C2A1B8080006A9962 /* Info.plist */,
			);
			path = "maraphon#8";
			sourceTree = "<group>";
		};
/* End PBXGroup section */

/* Begin PBXNativeTarget section */
		3BF14F4A2A1B807F006A9962 /* maraphon#8 */ = {
			isa = PBXNativeTarget;
			buildConfigurationList = 3BF14F752A1B8080006A9962 /* Build configuration list for PBXNativeTarget "maraphon#8" */;
			buildPhases = (
				3BF14F472A1B807F006A9962 /* Sources */,
				3BF14F482A1B807F006A9962 /* Frameworks */,
				3BF14F492A1B807F006A9962 /* Resources */,
			);
			buildRules = (
			);
			dependencies = (
			);
			name = "maraphon#8";
			productName = "maraphon#8";
			productReference = 3BF14F4B2A1B807F006A9962 /* maraphon#8.app */;
			productType = "com.apple.product-type.application";
		};
		3BF14F602A1B8080006A9962 /* maraphon#8Tests */ = {
			isa = PBXNativeTarget;
			buildConfigurationList = 3BF14F782A1B8080006A9962 /* Build configuration list for PBXNativeTarget "maraphon#8Tests" */;
			buildPhases = (
				3BF14F5D2A1B8080006A9962 /* Sources */,
				3BF14F5E2A1B8080006A9962 /* Frameworks */,
				3BF14F5F2A1B8080006A9962 /* Resources */,
			);
			buildRules = (
			);
			dependencies = (
				3BF14F632A1B8080006A9962 /* PBXTargetDependency */,
			);
			name = "maraphon#8Tests";
			productName = "maraphon#8Tests";
			productReference = 3BF14F612A1B8080006A9962 /* maraphon#8Tests.xctest */;
			productType = "com.apple.product-type.bundle.unit-test";
		};
		3BF14F6A2A1B8080006A9962 /* maraphon#8UITests */ = {
			isa = PBXNativeTarget;
			buildConfigurationList = 3BF14F7B2A1B8080006A9962 /* Build configuration list for PBXNativeTarget "maraphon#8UITests" */;
			buildPhases = (
				3BF14F672A1B8080006A9962 /* Sources */,
				3BF14F682A1B8080006A9962 /* Frameworks */,
				3BF14F692A1B8080006A9962 /* Resources */,
			);
			buildRules = (
			);
			dependencies = (
				3BF14F6D2A1B8080006A9962 /* PBXTargetDependency */,
			);
			name = "maraphon#8UITests";
			productName = "maraphon#8UITests";
			productReference = 3BF14F6B2A1B8080006A9962 /* maraphon#8UITests.xctest */;
			productType = "com.apple.product-type.bundle.ui-testing";
		};
/* End PBXNativeTarget section */

/* Begin PBXProject section */
		3BF14F432A1B807F006A9962 /* Project object */ = {
			isa = PBXProject;
			attributes = {
				BuildIndependentTargetsInParallel = 1;
				LastSwiftUpdateCheck = 1430;
				LastUpgradeCheck = 1430;
				TargetAttributes = {
					3BF14F4A2A1B807F006A9962 = {
						CreatedOnToolsVersion = 14.3;
					};
					3BF14F602A1B8080006A9962 = {
						CreatedOnToolsVersion = 14.3;
						TestTargetID = 3BF14F4A2A1B807F006A9962;
					};
					3BF14F6A2A1B8080006A9962 = {
						CreatedOnToolsVersion = 14.3;
						TestTargetID = 3BF14F4A2A1B807F006A9962;
					};
				};
			};
			buildConfigurationList = 3BF14F462A1B807F006A9962 /* Build configuration list for PBXProject "maraphon#8" */;
			compatibilityVersion = "Xcode 14.0";
			developmentRegion = en;
			hasScannedForEncodings = 0;
			knownRegions = (
				en,
				Base,
			);
			mainGroup = 3BF14F422A1B807F006A9962;
			productRefGroup = 3BF14F4C2A1B807F006A9962 /* Products */;
			projectDirPath = "";
			projectRoot = "";
			targets = (
				3BF14F4A2A1B807F006A9962 /* maraphon#8 */,
				3BF14F602A1B8080006A9962 /* maraphon#8Tests */,
				3BF14F6A2A1B8080006A9962 /* maraphon#8UITests */,
			);
		};
/* End PBXProject section */

/* Begin PBXResourcesBuildPhase section */
		3BF14F492A1B807F006A9962 /* Resources */ = {
			isa = PBXResourcesBuildPhase;
			buildActionMask = 2147483647;
			files = (
				3BF14F5B2A1B8080006A9962 /* LaunchScreen.storyboard in Resources */,
				3BF14F582A1B8080006A9962 /* Assets.xcassets in Resources */,
				3BF14F562A1B807F006A9962 /* Main.storyboard in Resources */,
			);
			runOnlyForDeploymentPostprocessing = 0;
		};
		3BF14F5F2A1B8080006A9962 /* Resources */ = {
			isa = PBXResourcesBuildPhase;
			buildActionMask = 2147483647;
			files = (
			);
			runOnlyForDeploymentPostprocessing = 0;
		};
		3BF14F692A1B8080006A9962 /* Resources */ = {
			isa = PBXResourcesBuildPhase;
			buildActionMask = 2147483647;
			files = (
			);
			runOnlyForDeploymentPostprocessing = 0;
		};
/* End PBXResourcesBuildPhase section */

/* Begin PBXSourcesBuildPhase section */
		3BF14F472A1B807F006A9962 /* Sources */ = {
			isa = PBXSourcesBuildPhase;
			buildActionMask = 2147483647;
			files = (
				3BF14F532A1B807F006A9962 /* ViewController.swift in Sources */,
				3BF14F4F2A1B807F006A9962 /* AppDelegate.swift in Sources */,
				3BF14F512A1B807F006A9962 /* SceneDelegate.swift in Sources */,
			);
			runOnlyForDeploymentPostprocessing = 0;
		};
		3BF14F5D2A1B8080006A9962 /* Sources */ = {
			isa = PBXSourcesBuildPhase;
			buildActionMask = 2147483647;
			files = (
			);
			runOnlyForDeploymentPostprocessing = 0;
		};
		3BF14F672A1B8080006A9962 /* Sources */ = {
			isa = PBXSourcesBuildPhase;
			buildActionMask = 2147483647;
			files = (
			);
			runOnlyForDeploymentPostprocessing = 0;
		};
/* End PBXSourcesBuildPhase section */

/* Begin PBXTargetDependency section */
		3BF14F632A1B8080006A9962 /* PBXTargetDependency */ = {
			isa = PBXTargetDependency;
			target = 3BF14F4A2A1B807F006A9962 /* maraphon#8 */;
			targetProxy = 3BF14F622A1B8080006A9962 /* PBXContainerItemProxy */;
		};
		3BF14F6D2A1B8080006A9962 /* PBXTargetDependency */ = {
			isa = PBXTargetDependency;
			target = 3BF14F4A2A1B807F006A9962 /* maraphon#8 */;
			targetProxy = 3BF14F6C2A1B8080006A9962 /* PBXContainerItemProxy */;
		};
/* End PBXTargetDependency section */

/* Begin PBXVariantGroup section */
		3BF14F542A1B807F006A9962 /* Main.storyboard */ = {
			isa = PBXVariantGroup;
			children = (
				3BF14F552A1B807F006A9962 /* Base */,
			);
			name = Main.storyboard;
			sourceTree = "<group>";
		};
		3BF14F592A1B8080006A9962 /* LaunchScreen.storyboard */ = {
			isa = PBXVariantGroup;
			children = (
				3BF14F5A2A1B8080006A9962 /* Base */,
			);
			name = LaunchScreen.storyboard;
			sourceTree = "<group>";
		};
/* End PBXVariantGroup section */

/* Begin XCBuildConfiguration section */
		3BF14F732A1B8080006A9962 /* Debug */ = {
			isa = XCBuildConfiguration;
			buildSettings = {
				ALWAYS_SEARCH_USER_PATHS = NO;
				CLANG_ANALYZER_NONNULL = YES;
				CLANG_ANALYZER_NUMBER_OBJECT_CONVERSION = YES_AGGRESSIVE;
				CLANG_CXX_LANGUAGE_STANDARD = "gnu++20";
				CLANG_ENABLE_MODULES = YES;
				CLANG_ENABLE_OBJC_ARC = YES;
				CLANG_ENABLE_OBJC_WEAK = YES;
				CLANG_WARN_BLOCK_CAPTURE_AUTORELEASING = YES;
				CLANG_WARN_BOOL_CONVERSION = YES;
				CLANG_WARN_COMMA = YES;
				CLANG_WARN_CONSTANT_CONVERSION = YES;
				CLANG_WARN_DEPRECATED_OBJC_IMPLEMENTATIONS = YES;
				CLANG_WARN_DIRECT_OBJC_ISA_USAGE = YES_ERROR;
				CLANG_WARN_DOCUMENTATION_COMMENTS = YES;
				CLANG_WARN_EMPTY_BODY = YES;
				CLANG_WARN_ENUM_CONVERSION = YES;
				CLANG_WARN_INFINITE_RECURSION = YES;
				CLANG_WARN_INT_CONVERSION = YES;
				CLANG_WARN_NON_LITERAL_NULL_CONVERSION = YES;
				CLANG_WARN_OBJC_IMPLICIT_RETAIN_SELF = YES;
				CLANG_WARN_OBJC_LITERAL_CONVERSION = YES;
				CLANG_WARN_OBJC_ROOT_CLASS = YES_ERROR;
				CLANG_WARN_QUOTED_INCLUDE_IN_FRAMEWORK_HEADER = YES;
				CLANG_WARN_RANGE_LOOP_ANALYSIS = YES;
				CLANG_WARN_STRICT_PROTOTYPES = YES;
				CLANG_WARN_SUSPICIOUS_MOVE = YES;
				CLANG_WARN_UNGUARDED_AVAILABILITY = YES_AGGRESSIVE;
				CLANG_WARN_UNREACHABLE_CODE = YES;
				CLANG_WARN__DUPLICATE_METHOD_MATCH = YES;
				COPY_PHASE_STRIP = NO;
				DEBUG_INFORMATION_FORMAT = dwarf;
				ENABLE_STRICT_OBJC_MSGSEND = YES;
				ENABLE_TESTABILITY = YES;
				GCC_C_LANGUAGE_STANDARD = gnu11;
				GCC_DYNAMIC_NO_PIC = NO;
				GCC_NO_COMMON_BLOCKS = YES;
				GCC_OPTIMIZATION_LEVEL = 0;
				GCC_PREPROCESSOR_DEFINITIONS = (
					"DEBUG=1",
					"$(inherited)",
				);
				GCC_WARN_64_TO_32_BIT_CONVERSION = YES;
				GCC_WARN_ABOUT_RETURN_TYPE = YES_ERROR;
				GCC_WARN_UNDECLARED_SELECTOR = YES;
				GCC_WARN_UNINITIALIZED_AUTOS = YES_AGGRESSIVE;
				GCC_WARN_UNUSED_FUNCTION = YES;
				GCC_WARN_UNUSED_VARIABLE = YES;
				IPHONEOS_DEPLOYMENT_TARGET = 16.4;
				MTL_ENABLE_DEBUG_INFO = INCLUDE_SOURCE;
				MTL_FAST_MATH = YES;
				ONLY_ACTIVE_ARCH = YES;
				SDKROOT = iphoneos;
				SWIFT_ACTIVE_COMPILATION_CONDITIONS = DEBUG;
				SWIFT_OPTIMIZATION_LEVEL = "-Onone";
			};
			name = Debug;
		};
		3BF14F742A1B8080006A9962 /* Release */ = {
			isa = XCBuildConfiguration;
			buildSettings = {
				ALWAYS_SEARCH_USER_PATHS = NO;
				CLANG_ANALYZER_NONNULL = YES;
				CLANG_ANALYZER_NUMBER_OBJECT_CONVERSION = YES_AGGRESSIVE;
				CLANG_CXX_LANGUAGE_STANDARD = "gnu++20";
				CLANG_ENABLE_MODULES = YES;
				CLANG_ENABLE_OBJC_ARC = YES;
				CLANG_ENABLE_OBJC_WEAK = YES;
				CLANG_WARN_BLOCK_CAPTURE_AUTORELEASING = YES;
				CLANG_WARN_BOOL_CONVERSION = YES;
				CLANG_WARN_COMMA = YES;
				CLANG_WARN_CONSTANT_CONVERSION = YES;
				CLANG_WARN_DEPRECATED_OBJC_IMPLEMENTATIONS = YES;
				CLANG_WARN_DIRECT_OBJC_ISA_USAGE = YES_ERROR;
				CLANG_WARN_DOCUMENTATION_COMMENTS = YES;
				CLANG_WARN_EMPTY_BODY = YES;
				CLANG_WARN_ENUM_CONVERSION = YES;
				CLANG_WARN_INFINITE_RECURSION = YES;
				CLANG_WARN_INT_CONVERSION = YES;
				CLANG_WARN_NON_LITERAL_NULL_CONVERSION = YES;
				CLANG_WARN_OBJC_IMPLICIT_RETAIN_SELF = YES;
				CLANG_WARN_OBJC_LITERAL_CONVERSION = YES;
				CLANG_WARN_OBJC_ROOT_CLASS = YES_ERROR;
				CLANG_WARN_QUOTED_INCLUDE_IN_FRAMEWORK_HEADER = YES;
				CLANG_WARN_RANGE_LOOP_ANALYSIS = YES;
				CLANG_WARN_STRICT_PROTOTYPES = YES;
				CLANG_WARN_SUSPICIOUS_MOVE = YES;
				CLANG_WARN_UNGUARDED_AVAILABILITY = YES_AGGRESSIVE;
				CLANG_WARN_UNREACHABLE_CODE = YES;
				CLANG_WARN__DUPLICATE_METHOD_MATCH = YES;
				COPY_PHASE_STRIP = NO;
				DEBUG_INFORMATION_FORMAT = "dwarf-with-dsym";
				ENABLE_NS_ASSERTIONS = NO;
				ENABLE_STRICT_OBJC_MSGSEND = YES;
				GCC_C_LANGUAGE_STANDARD = gnu11;
				GCC_NO_COMMON_BLOCKS = YES;
				GCC_WARN_64_TO_32_BIT_CONVERSION = YES;
				GCC_WARN_ABOUT_RETURN_TYPE = YES_ERROR;
				GCC_WARN_UNDECLARED_SELECTOR = YES;
				GCC_WARN_UNINITIALIZED_AUTOS = YES_AGGRESSIVE;
				GCC_WARN_UNUSED_FUNCTION = YES;
				GCC_WARN_UNUSED_VARIABLE = YES;
				IPHONEOS_DEPLOYMENT_TARGET = 16.4;
				MTL_ENABLE_DEBUG_INFO = NO;
				MTL_FAST_MATH = YES;
				SDKROOT = iphoneos;
				SWIFT_COMPILATION_MODE = wholemodule;
				SWIFT_OPTIMIZATION_LEVEL = "-O";
				VALIDATE_PRODUCT = YES;
			};
			name = Release;
		};
		3BF14F762A1B8080006A9962 /* Debug */ = {
			isa = XCBuildConfiguration;
			buildSettings = {
				ASSETCATALOG_COMPILER_APPICON_NAME = AppIcon;
				ASSETCATALOG_COMPILER_GLOBAL_ACCENT_COLOR_NAME = AccentColor;
				CODE_SIGN_STYLE = Automatic;
				CURRENT_PROJECT_VERSION = 1;
				DEVELOPMENT_TEAM = BHK675K292;
				GENERATE_INFOPLIST_FILE = YES;
				INFOPLIST_FILE = "maraphon#8/Info.plist";
				INFOPLIST_KEY_UIApplicationSupportsIndirectInputEvents = YES;
				INFOPLIST_KEY_UILaunchStoryboardName = LaunchScreen;
				INFOPLIST_KEY_UISupportedInterfaceOrientations_iPad = "UIInterfaceOrientationPortrait UIInterfaceOrientationPortraitUpsideDown UIInterfaceOrientationLandscapeLeft UIInterfaceOrientationLandscapeRight";
				INFOPLIST_KEY_UISupportedInterfaceOrientations_iPhone = "UIInterfaceOrientationPortrait UIInterfaceOrientationLandscapeLeft UIInterfaceOrientationLandscapeRight";
				LD_RUNPATH_SEARCH_PATHS = (
					"$(inherited)",
					"@executable_path/Frameworks",
				);
				MARKETING_VERSION = 1.0;
				PRODUCT_BUNDLE_IDENTIFIER = "gg.maraphon-8";
				PRODUCT_NAME = "$(TARGET_NAME)";
				SWIFT_EMIT_LOC_STRINGS = YES;
				SWIFT_VERSION = 5.0;
				TARGETED_DEVICE_FAMILY = "1,2";
			};
			name = Debug;
		};
		3BF14F772A1B8080006A9962 /* Release */ = {
			isa = XCBuildConfiguration;
			buildSettings = {
				ASSETCATALOG_COMPILER_APPICON_NAME = AppIcon;
				ASSETCATALOG_COMPILER_GLOBAL_ACCENT_COLOR_NAME = AccentColor;
				CODE_SIGN_STYLE = Automatic;
				CURRENT_PROJECT_VERSION = 1;
				DEVELOPMENT_TEAM = BHK675K292;
				GENERATE_INFOPLIST_FILE = YES;
				INFOPLIST_FILE = "maraphon#8/Info.plist";
				INFOPLIST_KEY_UIApplicationSupportsIndirectInputEvents = YES;
				INFOPLIST_KEY_UILaunchStoryboardName = LaunchScreen;
				INFOPLIST_KEY_UISupportedInterfaceOrientations_iPad = "UIInterfaceOrientationPortrait UIInterfaceOrientationPortraitUpsideDown UIInterfaceOrientationLandscapeLeft UIInterfaceOrientationLandscapeRight";
				INFOPLIST_KEY_UISupportedInterfaceOrientations_iPhone = "UIInterfaceOrientationPortrait UIInterfaceOrientationLandscapeLeft UIInterfaceOrientationLandscapeRight";
				LD_RUNPATH_SEARCH_PATHS = (
					"$(inherited)",
					"@executable_path/Frameworks",
				);
				MARKETING_VERSION = 1.0;
				PRODUCT_BUNDLE_IDENTIFIER = "gg.maraphon-8";
				PRODUCT_NAME = "$(TARGET_NAME)";
				SWIFT_EMIT_LOC_STRINGS = YES;
				SWIFT_VERSION = 5.0;
				TARGETED_DEVICE_FAMILY = "1,2";
			};
			name = Release;
		};
		3BF14F792A1B8080006A9962 /* Debug */ = {
			isa = XCBuildConfiguration;
			buildSettings = {
				ALWAYS_EMBED_SWIFT_STANDARD_LIBRARIES = YES;
				BUNDLE_LOADER = "$(TEST_HOST)";
				CODE_SIGN_STYLE = Automatic;
				CURRENT_PROJECT_VERSION = 1;
				DEVELOPMENT_TEAM = BHK675K292;
				GENERATE_INFOPLIST_FILE = YES;
				IPHONEOS_DEPLOYMENT_TARGET = 16.4;
				MARKETING_VERSION = 1.0;
				PRODUCT_BUNDLE_IDENTIFIER = "gg.maraphon-8Tests";
				PRODUCT_NAME = "$(TARGET_NAME)";
				SWIFT_EMIT_LOC_STRINGS = NO;
				SWIFT_VERSION = 5.0;
				TARGETED_DEVICE_FAMILY = "1,2";
				TEST_HOST = "$(BUILT_PRODUCTS_DIR)/maraphon#8.app/$(BUNDLE_EXECUTABLE_FOLDER_PATH)/maraphon#8";
			};
			name = Debug;
		};
		3BF14F7A2A1B8080006A9962 /* Release */ = {
			isa = XCBuildConfiguration;
			buildSettings = {
				ALWAYS_EMBED_SWIFT_STANDARD_LIBRARIES = YES;
				BUNDLE_LOADER = "$(TEST_HOST)";
				CODE_SIGN_STYLE = Automatic;
				CURRENT_PROJECT_VERSION = 1;
				DEVELOPMENT_TEAM = BHK675K292;
				GENERATE_INFOPLIST_FILE = YES;
				IPHONEOS_DEPLOYMENT_TARGET = 16.4;
				MARKETING_VERSION = 1.0;
				PRODUCT_BUNDLE_IDENTIFIER = "gg.maraphon-8Tests";
				PRODUCT_NAME = "$(TARGET_NAME)";
				SWIFT_EMIT_LOC_STRINGS = NO;
				SWIFT_VERSION = 5.0;
				TARGETED_DEVICE_FAMILY = "1,2";
				TEST_HOST = "$(BUILT_PRODUCTS_DIR)/maraphon#8.app/$(BUNDLE_EXECUTABLE_FOLDER_PATH)/maraphon#8";
			};
			name = Release;
		};
		3BF14F7C2A1B8080006A9962 /* Debug */ = {
			isa = XCBuildConfiguration;
			buildSettings = {
				ALWAYS_EMBED_SWIFT_STANDARD_LIBRARIES = YES;
				CODE_SIGN_STYLE = Automatic;
				CURRENT_PROJECT_VERSION = 1;
				DEVELOPMENT_TEAM = BHK675K292;
				GENERATE_INFOPLIST_FILE = YES;
				MARKETING_VERSION = 1.0;
				PRODUCT_BUNDLE_IDENTIFIER = "gg.maraphon-8UITests";
				PRODUCT_NAME = "$(TARGET_NAME)";
				SWIFT_EMIT_LOC_STRINGS = NO;
				SWIFT_VERSION = 5.0;
				TARGETED_DEVICE_FAMILY = "1,2";
				TEST_TARGET_NAME = "maraphon#8";
			};
			name = Debug;
		};
		3BF14F7D2A1B8080006A9962 /* Release */ = {
			isa = XCBuildConfiguration;
			buildSettings = {
				ALWAYS_EMBED_SWIFT_STANDARD_LIBRARIES = YES;
				CODE_SIGN_STYLE = Automatic;
				CURRENT_PROJECT_VERSION = 1;
				DEVELOPMENT_TEAM = BHK675K292;
				GENERATE_INFOPLIST_FILE = YES;
				MARKETING_VERSION = 1.0;
				PRODUCT_BUNDLE_IDENTIFIER = "gg.maraphon-8UITests";
				PRODUCT_NAME = "$(TARGET_NAME)";
				SWIFT_EMIT_LOC_STRINGS = NO;
				SWIFT_VERSION = 5.0;
				TARGETED_DEVICE_FAMILY = "1,2";
				TEST_TARGET_NAME = "maraphon#8";
			};
			name = Release;
		};
/* End XCBuildConfiguration section */

/* Begin XCConfigurationList section */
		3BF14F462A1B807F006A9962 /* Build configuration list for PBXProject "maraphon#8" */ = {
			isa = XCConfigurationList;
			buildConfigurations = (
				3BF14F732A1B8080006A9962 /* Debug */,
				3BF14F742A1B8080006A9962 /* Release */,
			);
			defaultConfigurationIsVisible = 0;
			defaultConfigurationName = Release;
		};
		3BF14F752A1B8080006A9962 /* Build configuration list for PBXNativeTarget "maraphon#8" */ = {
			isa = XCConfigurationList;
			buildConfigurations = (
				3BF14F762A1B8080006A9962 /* Debug */,
				3BF14F772A1B8080006A9962 /* Release */,
			);
			defaultConfigurationIsVisible = 0;
			defaultConfigurationName = Release;
		};
		3BF14F782A1B8080006A9962 /* Build configuration list for PBXNativeTarget "maraphon#8Tests" */ = {
			isa = XCConfigurationList;
			buildConfigurations = (
				3BF14F792A1B8080006A9962 /* Debug */,
				3BF14F7A2A1B8080006A9962 /* Release */,
			);
			defaultConfigurationIsVisible = 0;
			defaultConfigurationName = Release;
		};
		3BF14F7B2A1B8080006A9962 /* Build configuration list for PBXNativeTarget "maraphon#8UITests" */ = {
			isa = XCConfigurationList;
			buildConfigurations = (
				3BF14F7C2A1B8080006A9962 /* Debug */,
				3BF14F7D2A1B8080006A9962 /* Release */,
			);
			defaultConfigurationIsVisible = 0;
			defaultConfigurationName = Release;
		};
/* End XCConfigurationList section */
	};
	rootObject = 3BF14F432A1B807F006A9962 /* Project object */;
}
